// !$*UTF8*$!
{
	archiveVersion = 1;
	classes = {
	};
	objectVersion = 55;
	objects = {

/* Begin PBXBuildFile section */
		4162A6DA2783EB4F00950372 /* BuildNetflixApp.swift in Sources */ = {isa = PBXBuildFile; fileRef = 4162A6D92783EB4F00950372 /* BuildNetflixApp.swift */; };
		4162A6DC2783EB4F00950372 /* ContentView.swift in Sources */ = {isa = PBXBuildFile; fileRef = 4162A6DB2783EB4F00950372 /* ContentView.swift */; };
		4162A6DE2783EB5000950372 /* Assets.xcassets in Resources */ = {isa = PBXBuildFile; fileRef = 4162A6DD2783EB5000950372 /* Assets.xcassets */; };
		4162A6E12783EB5000950372 /* Preview Assets.xcassets in Resources */ = {isa = PBXBuildFile; fileRef = 4162A6E02783EB5000950372 /* Preview Assets.xcassets */; };
		4162A6EB2783EB5000950372 /* BuildNetflixTests.swift in Sources */ = {isa = PBXBuildFile; fileRef = 4162A6EA2783EB5000950372 /* BuildNetflixTests.swift */; };
		4162A6F52783EB5000950372 /* BuildNetflixUITests.swift in Sources */ = {isa = PBXBuildFile; fileRef = 4162A6F42783EB5000950372 /* BuildNetflixUITests.swift */; };
		4162A6F72783EB5000950372 /* BuildNetflixUITestsLaunchTests.swift in Sources */ = {isa = PBXBuildFile; fileRef = 4162A6F62783EB5000950372 /* BuildNetflixUITestsLaunchTests.swift */; };
		4162A7042783EBB400950372 /* HomeView.swift in Sources */ = {isa = PBXBuildFile; fileRef = 4162A7032783EBB400950372 /* HomeView.swift */; };
		4177ED1E2783EF4400C08BA8 /* Kingfisher in Frameworks */ = {isa = PBXBuildFile; productRef = 4177ED1D2783EF4400C08BA8 /* Kingfisher */; };
		4177ED232783F0A900C08BA8 /* Movie.swift in Sources */ = {isa = PBXBuildFile; fileRef = 4177ED222783F0A900C08BA8 /* Movie.swift */; };
		4177ED252783F0E300C08BA8 /* StandardHomeMovie.swift in Sources */ = {isa = PBXBuildFile; fileRef = 4177ED242783F0E300C08BA8 /* StandardHomeMovie.swift */; };
		4177ED272783F14200C08BA8 /* GlobalHelpers.swift in Sources */ = {isa = PBXBuildFile; fileRef = 4177ED262783F14200C08BA8 /* GlobalHelpers.swift */; };
		4177ED282783F14200C08BA8 /* GlobalHelpers.swift in Sources */ = {isa = PBXBuildFile; fileRef = 4177ED262783F14200C08BA8 /* GlobalHelpers.swift */; };
		4177ED292783F14200C08BA8 /* GlobalHelpers.swift in Sources */ = {isa = PBXBuildFile; fileRef = 4177ED262783F14200C08BA8 /* GlobalHelpers.swift */; };
		4177ED2B2783F4EB00C08BA8 /* HomeVM.swift in Sources */ = {isa = PBXBuildFile; fileRef = 4177ED2A2783F4EB00C08BA8 /* HomeVM.swift */; };
		4177ED2C2783F4EB00C08BA8 /* HomeVM.swift in Sources */ = {isa = PBXBuildFile; fileRef = 4177ED2A2783F4EB00C08BA8 /* HomeVM.swift */; };
		4177ED2D2783F4EB00C08BA8 /* HomeVM.swift in Sources */ = {isa = PBXBuildFile; fileRef = 4177ED2A2783F4EB00C08BA8 /* HomeVM.swift */; };
		4177ED4027855F3300C08BA8 /* TopMoviePreview.swift in Sources */ = {isa = PBXBuildFile; fileRef = 4177ED3F27855F3300C08BA8 /* TopMoviePreview.swift */; };
		4177ED4127855F3300C08BA8 /* TopMoviePreview.swift in Sources */ = {isa = PBXBuildFile; fileRef = 4177ED3F27855F3300C08BA8 /* TopMoviePreview.swift */; };
		4177ED4227855F3300C08BA8 /* TopMoviePreview.swift in Sources */ = {isa = PBXBuildFile; fileRef = 4177ED3F27855F3300C08BA8 /* TopMoviePreview.swift */; };
		41F601A72785EE2600BE0239 /* SmallVerticalButton.swift in Sources */ = {isa = PBXBuildFile; fileRef = 41F601A62785EE2600BE0239 /* SmallVerticalButton.swift */; };
		41F601A92785FB6A00BE0239 /* PlayButton.swift in Sources */ = {isa = PBXBuildFile; fileRef = 41F601A82785FB6A00BE0239 /* PlayButton.swift */; };
		41F601B52789DA7500BE0239 /* SmallVerticalButton.swift in Sources */ = {isa = PBXBuildFile; fileRef = 41F601A62785EE2600BE0239 /* SmallVerticalButton.swift */; };
		41F601B62789DA7500BE0239 /* SmallVerticalButton.swift in Sources */ = {isa = PBXBuildFile; fileRef = 41F601A62785EE2600BE0239 /* SmallVerticalButton.swift */; };
		41F601BB2789DB7D00BE0239 /* MovieDetail.swift in Sources */ = {isa = PBXBuildFile; fileRef = 41F601BA2789DB7D00BE0239 /* MovieDetail.swift */; };
		41F601BD2789F92500BE0239 /* Episode.swift in Sources */ = {isa = PBXBuildFile; fileRef = 41F601BC2789F92500BE0239 /* Episode.swift */; };
		41F601BF278A4FA400BE0239 /* CustomTabSwitcher.swift in Sources */ = {isa = PBXBuildFile; fileRef = 41F601BE278A4FA400BE0239 /* CustomTabSwitcher.swift */; };
		41F601C1278A5F0300BE0239 /* MoreLikeThis.swift in Sources */ = {isa = PBXBuildFile; fileRef = 41F601C0278A5F0300BE0239 /* MoreLikeThis.swift */; };
/* End PBXBuildFile section */

/* Begin PBXContainerItemProxy section */
		4162A6E72783EB5000950372 /* PBXContainerItemProxy */ = {
			isa = PBXContainerItemProxy;
			containerPortal = 4162A6CE2783EB4F00950372 /* Project object */;
			proxyType = 1;
			remoteGlobalIDString = 4162A6D52783EB4F00950372;
			remoteInfo = BuildNetflix;
		};
		4162A6F12783EB5000950372 /* PBXContainerItemProxy */ = {
			isa = PBXContainerItemProxy;
			containerPortal = 4162A6CE2783EB4F00950372 /* Project object */;
			proxyType = 1;
			remoteGlobalIDString = 4162A6D52783EB4F00950372;
			remoteInfo = BuildNetflix;
		};
/* End PBXContainerItemProxy section */

/* Begin PBXFileReference section */
		4162A6D62783EB4F00950372 /* BuildNetflix.app */ = {isa = PBXFileReference; explicitFileType = wrapper.application; includeInIndex = 0; path = BuildNetflix.app; sourceTree = BUILT_PRODUCTS_DIR; };
		4162A6D92783EB4F00950372 /* BuildNetflixApp.swift */ = {isa = PBXFileReference; lastKnownFileType = sourcecode.swift; path = BuildNetflixApp.swift; sourceTree = "<group>"; };
		4162A6DB2783EB4F00950372 /* ContentView.swift */ = {isa = PBXFileReference; lastKnownFileType = sourcecode.swift; path = ContentView.swift; sourceTree = "<group>"; };
		4162A6DD2783EB5000950372 /* Assets.xcassets */ = {isa = PBXFileReference; lastKnownFileType = folder.assetcatalog; path = Assets.xcassets; sourceTree = "<group>"; };
		4162A6E02783EB5000950372 /* Preview Assets.xcassets */ = {isa = PBXFileReference; lastKnownFileType = folder.assetcatalog; path = "Preview Assets.xcassets"; sourceTree = "<group>"; };
		4162A6E62783EB5000950372 /* BuildNetflixTests.xctest */ = {isa = PBXFileReference; explicitFileType = wrapper.cfbundle; includeInIndex = 0; path = BuildNetflixTests.xctest; sourceTree = BUILT_PRODUCTS_DIR; };
		4162A6EA2783EB5000950372 /* BuildNetflixTests.swift */ = {isa = PBXFileReference; lastKnownFileType = sourcecode.swift; path = BuildNetflixTests.swift; sourceTree = "<group>"; };
		4162A6F02783EB5000950372 /* BuildNetflixUITests.xctest */ = {isa = PBXFileReference; explicitFileType = wrapper.cfbundle; includeInIndex = 0; path = BuildNetflixUITests.xctest; sourceTree = BUILT_PRODUCTS_DIR; };
		4162A6F42783EB5000950372 /* BuildNetflixUITests.swift */ = {isa = PBXFileReference; lastKnownFileType = sourcecode.swift; path = BuildNetflixUITests.swift; sourceTree = "<group>"; };
		4162A6F62783EB5000950372 /* BuildNetflixUITestsLaunchTests.swift */ = {isa = PBXFileReference; lastKnownFileType = sourcecode.swift; path = BuildNetflixUITestsLaunchTests.swift; sourceTree = "<group>"; };
		4162A7032783EBB400950372 /* HomeView.swift */ = {isa = PBXFileReference; lastKnownFileType = sourcecode.swift; path = HomeView.swift; sourceTree = "<group>"; };
		4177ED222783F0A900C08BA8 /* Movie.swift */ = {isa = PBXFileReference; lastKnownFileType = sourcecode.swift; path = Movie.swift; sourceTree = "<group>"; };
		4177ED242783F0E300C08BA8 /* StandardHomeMovie.swift */ = {isa = PBXFileReference; lastKnownFileType = sourcecode.swift; path = StandardHomeMovie.swift; sourceTree = "<group>"; };
		4177ED262783F14200C08BA8 /* GlobalHelpers.swift */ = {isa = PBXFileReference; lastKnownFileType = sourcecode.swift; path = GlobalHelpers.swift; sourceTree = "<group>"; };
		4177ED2A2783F4EB00C08BA8 /* HomeVM.swift */ = {isa = PBXFileReference; lastKnownFileType = sourcecode.swift; path = HomeVM.swift; sourceTree = "<group>"; };
		4177ED3F27855F3300C08BA8 /* TopMoviePreview.swift */ = {isa = PBXFileReference; lastKnownFileType = sourcecode.swift; path = TopMoviePreview.swift; sourceTree = "<group>"; };
		41F601A62785EE2600BE0239 /* SmallVerticalButton.swift */ = {isa = PBXFileReference; lastKnownFileType = sourcecode.swift; path = SmallVerticalButton.swift; sourceTree = "<group>"; };
		41F601A82785FB6A00BE0239 /* PlayButton.swift */ = {isa = PBXFileReference; lastKnownFileType = sourcecode.swift; path = PlayButton.swift; sourceTree = "<group>"; };
		41F601BA2789DB7D00BE0239 /* MovieDetail.swift */ = {isa = PBXFileReference; lastKnownFileType = sourcecode.swift; path = MovieDetail.swift; sourceTree = "<group>"; };
		41F601BC2789F92500BE0239 /* Episode.swift */ = {isa = PBXFileReference; lastKnownFileType = sourcecode.swift; path = Episode.swift; sourceTree = "<group>"; };
		41F601BE278A4FA400BE0239 /* CustomTabSwitcher.swift */ = {isa = PBXFileReference; lastKnownFileType = sourcecode.swift; path = CustomTabSwitcher.swift; sourceTree = "<group>"; };
		41F601C0278A5F0300BE0239 /* MoreLikeThis.swift */ = {isa = PBXFileReference; lastKnownFileType = sourcecode.swift; path = MoreLikeThis.swift; sourceTree = "<group>"; };
/* End PBXFileReference section */

/* Begin PBXFrameworksBuildPhase section */
		4162A6D32783EB4F00950372 /* Frameworks */ = {
			isa = PBXFrameworksBuildPhase;
			buildActionMask = 2147483647;
			files = (
				4177ED1E2783EF4400C08BA8 /* Kingfisher in Frameworks */,
			);
			runOnlyForDeploymentPostprocessing = 0;
		};
		4162A6E32783EB5000950372 /* Frameworks */ = {
			isa = PBXFrameworksBuildPhase;
			buildActionMask = 2147483647;
			files = (
			);
			runOnlyForDeploymentPostprocessing = 0;
		};
		4162A6ED2783EB5000950372 /* Frameworks */ = {
			isa = PBXFrameworksBuildPhase;
			buildActionMask = 2147483647;
			files = (
			);
			runOnlyForDeploymentPostprocessing = 0;
		};
/* End PBXFrameworksBuildPhase section */

/* Begin PBXGroup section */
		4162A6CD2783EB4F00950372 = {
			isa = PBXGroup;
			children = (
				4162A6D82783EB4F00950372 /* BuildNetflix */,
				4162A6E92783EB5000950372 /* BuildNetflixTests */,
				4162A6F32783EB5000950372 /* BuildNetflixUITests */,
				4162A6D72783EB4F00950372 /* Products */,
			);
			sourceTree = "<group>";
		};
		4162A6D72783EB4F00950372 /* Products */ = {
			isa = PBXGroup;
			children = (
				4162A6D62783EB4F00950372 /* BuildNetflix.app */,
				4162A6E62783EB5000950372 /* BuildNetflixTests.xctest */,
				4162A6F02783EB5000950372 /* BuildNetflixUITests.xctest */,
			);
			name = Products;
			sourceTree = "<group>";
		};
		4162A6D82783EB4F00950372 /* BuildNetflix */ = {
			isa = PBXGroup;
			children = (
				41F601B92789DB6E00BE0239 /* DetailVIews */,
				4162A7052783EBC200950372 /* Home */,
				41F601B42789DA6400BE0239 /* HelperViews */,
				41F601B82789DAB200BE0239 /* Model */,
				41F601B72789DAA500BE0239 /* Helpers */,
				4162A6D92783EB4F00950372 /* BuildNetflixApp.swift */,
				4162A6DB2783EB4F00950372 /* ContentView.swift */,
				4162A6DD2783EB5000950372 /* Assets.xcassets */,
				4162A6DF2783EB5000950372 /* Preview Content */,
			);
			path = BuildNetflix;
			sourceTree = "<group>";
		};
		4162A6DF2783EB5000950372 /* Preview Content */ = {
			isa = PBXGroup;
			children = (
				4162A6E02783EB5000950372 /* Preview Assets.xcassets */,
			);
			path = "Preview Content";
			sourceTree = "<group>";
		};
		4162A6E92783EB5000950372 /* BuildNetflixTests */ = {
			isa = PBXGroup;
			children = (
				4162A6EA2783EB5000950372 /* BuildNetflixTests.swift */,
			);
			path = BuildNetflixTests;
			sourceTree = "<group>";
		};
		4162A6F32783EB5000950372 /* BuildNetflixUITests */ = {
			isa = PBXGroup;
			children = (
				4162A6F42783EB5000950372 /* BuildNetflixUITests.swift */,
				4162A6F62783EB5000950372 /* BuildNetflixUITestsLaunchTests.swift */,
			);
			path = BuildNetflixUITests;
			sourceTree = "<group>";
		};
		4162A7052783EBC200950372 /* Home */ = {
			isa = PBXGroup;
			children = (
				4177ED2A2783F4EB00C08BA8 /* HomeVM.swift */,
				4162A7032783EBB400950372 /* HomeView.swift */,
			);
			path = Home;
			sourceTree = "<group>";
		};
		41F601B42789DA6400BE0239 /* HelperViews */ = {
			isa = PBXGroup;
			children = (
				41F601A62785EE2600BE0239 /* SmallVerticalButton.swift */,
				41F601A82785FB6A00BE0239 /* PlayButton.swift */,
				4177ED3F27855F3300C08BA8 /* TopMoviePreview.swift */,
				4177ED242783F0E300C08BA8 /* StandardHomeMovie.swift */,
			);
			path = HelperViews;
			sourceTree = "<group>";
		};
		41F601B72789DAA500BE0239 /* Helpers */ = {
			isa = PBXGroup;
			children = (
				4177ED262783F14200C08BA8 /* GlobalHelpers.swift */,
			);
			path = Helpers;
			sourceTree = "<group>";
		};
		41F601B82789DAB200BE0239 /* Model */ = {
			isa = PBXGroup;
			children = (
				4177ED222783F0A900C08BA8 /* Movie.swift */,
				41F601BC2789F92500BE0239 /* Episode.swift */,
			);
			path = Model;
			sourceTree = "<group>";
		};
		41F601B92789DB6E00BE0239 /* DetailVIews */ = {
			isa = PBXGroup;
			children = (
				41F601BA2789DB7D00BE0239 /* MovieDetail.swift */,
				41F601BE278A4FA400BE0239 /* CustomTabSwitcher.swift */,
				41F601C0278A5F0300BE0239 /* MoreLikeThis.swift */,
			);
			path = DetailVIews;
			sourceTree = "<group>";
		};
/* End PBXGroup section */

/* Begin PBXNativeTarget section */
		4162A6D52783EB4F00950372 /* BuildNetflix */ = {
			isa = PBXNativeTarget;
			buildConfigurationList = 4162A6FA2783EB5000950372 /* Build configuration list for PBXNativeTarget "BuildNetflix" */;
			buildPhases = (
				4162A6D22783EB4F00950372 /* Sources */,
				4162A6D32783EB4F00950372 /* Frameworks */,
				4162A6D42783EB4F00950372 /* Resources */,
			);
			buildRules = (
			);
			dependencies = (
			);
			name = BuildNetflix;
			packageProductDependencies = (
				4177ED1D2783EF4400C08BA8 /* Kingfisher */,
			);
			productName = BuildNetflix;
			productReference = 4162A6D62783EB4F00950372 /* BuildNetflix.app */;
			productType = "com.apple.product-type.application";
		};
		4162A6E52783EB5000950372 /* BuildNetflixTests */ = {
			isa = PBXNativeTarget;
			buildConfigurationList = 4162A6FD2783EB5000950372 /* Build configuration list for PBXNativeTarget "BuildNetflixTests" */;
			buildPhases = (
				4162A6E22783EB5000950372 /* Sources */,
				4162A6E32783EB5000950372 /* Frameworks */,
				4162A6E42783EB5000950372 /* Resources */,
			);
			buildRules = (
			);
			dependencies = (
				4162A6E82783EB5000950372 /* PBXTargetDependency */,
			);
			name = BuildNetflixTests;
			productName = BuildNetflixTests;
			productReference = 4162A6E62783EB5000950372 /* BuildNetflixTests.xctest */;
			productType = "com.apple.product-type.bundle.unit-test";
		};
		4162A6EF2783EB5000950372 /* BuildNetflixUITests */ = {
			isa = PBXNativeTarget;
			buildConfigurationList = 4162A7002783EB5000950372 /* Build configuration list for PBXNativeTarget "BuildNetflixUITests" */;
			buildPhases = (
				4162A6EC2783EB5000950372 /* Sources */,
				4162A6ED2783EB5000950372 /* Frameworks */,
				4162A6EE2783EB5000950372 /* Resources */,
			);
			buildRules = (
			);
			dependencies = (
				4162A6F22783EB5000950372 /* PBXTargetDependency */,
			);
			name = BuildNetflixUITests;
			productName = BuildNetflixUITests;
			productReference = 4162A6F02783EB5000950372 /* BuildNetflixUITests.xctest */;
			productType = "com.apple.product-type.bundle.ui-testing";
		};
/* End PBXNativeTarget section */

/* Begin PBXProject section */
		4162A6CE2783EB4F00950372 /* Project object */ = {
			isa = PBXProject;
			attributes = {
				BuildIndependentTargetsInParallel = 1;
				LastSwiftUpdateCheck = 1320;
				LastUpgradeCheck = 1320;
				TargetAttributes = {
					4162A6D52783EB4F00950372 = {
						CreatedOnToolsVersion = 13.2;
					};
					4162A6E52783EB5000950372 = {
						CreatedOnToolsVersion = 13.2;
						TestTargetID = 4162A6D52783EB4F00950372;
					};
					4162A6EF2783EB5000950372 = {
						CreatedOnToolsVersion = 13.2;
						TestTargetID = 4162A6D52783EB4F00950372;
					};
				};
			};
			buildConfigurationList = 4162A6D12783EB4F00950372 /* Build configuration list for PBXProject "BuildNetflix" */;
			compatibilityVersion = "Xcode 13.0";
			developmentRegion = en;
			hasScannedForEncodings = 0;
			knownRegions = (
				en,
				Base,
			);
			mainGroup = 4162A6CD2783EB4F00950372;
			packageReferences = (
				4177ED1C2783EF4400C08BA8 /* XCRemoteSwiftPackageReference "Kingfisher" */,
			);
			productRefGroup = 4162A6D72783EB4F00950372 /* Products */;
			projectDirPath = "";
			projectRoot = "";
			targets = (
				4162A6D52783EB4F00950372 /* BuildNetflix */,
				4162A6E52783EB5000950372 /* BuildNetflixTests */,
				4162A6EF2783EB5000950372 /* BuildNetflixUITests */,
			);
		};
/* End PBXProject section */

/* Begin PBXResourcesBuildPhase section */
		4162A6D42783EB4F00950372 /* Resources */ = {
			isa = PBXResourcesBuildPhase;
			buildActionMask = 2147483647;
			files = (
				4162A6E12783EB5000950372 /* Preview Assets.xcassets in Resources */,
				4162A6DE2783EB5000950372 /* Assets.xcassets in Resources */,
			);
			runOnlyForDeploymentPostprocessing = 0;
		};
		4162A6E42783EB5000950372 /* Resources */ = {
			isa = PBXResourcesBuildPhase;
			buildActionMask = 2147483647;
			files = (
			);
			runOnlyForDeploymentPostprocessing = 0;
		};
		4162A6EE2783EB5000950372 /* Resources */ = {
			isa = PBXResourcesBuildPhase;
			buildActionMask = 2147483647;
			files = (
			);
			runOnlyForDeploymentPostprocessing = 0;
		};
/* End PBXResourcesBuildPhase section */

/* Begin PBXSourcesBuildPhase section */
		4162A6D22783EB4F00950372 /* Sources */ = {
			isa = PBXSourcesBuildPhase;
			buildActionMask = 2147483647;
			files = (
				4177ED272783F14200C08BA8 /* GlobalHelpers.swift in Sources */,
				41F601BD2789F92500BE0239 /* Episode.swift in Sources */,
				4162A7042783EBB400950372 /* HomeView.swift in Sources */,
				4177ED2B2783F4EB00C08BA8 /* HomeVM.swift in Sources */,
				4162A6DC2783EB4F00950372 /* ContentView.swift in Sources */,
				4177ED252783F0E300C08BA8 /* StandardHomeMovie.swift in Sources */,
				4177ED4027855F3300C08BA8 /* TopMoviePreview.swift in Sources */,
				4177ED232783F0A900C08BA8 /* Movie.swift in Sources */,
				4162A6DA2783EB4F00950372 /* BuildNetflixApp.swift in Sources */,
				41F601C1278A5F0300BE0239 /* MoreLikeThis.swift in Sources */,
				41F601BF278A4FA400BE0239 /* CustomTabSwitcher.swift in Sources */,
				41F601A72785EE2600BE0239 /* SmallVerticalButton.swift in Sources */,
				41F601A92785FB6A00BE0239 /* PlayButton.swift in Sources */,
				41F601BB2789DB7D00BE0239 /* MovieDetail.swift in Sources */,
			);
			runOnlyForDeploymentPostprocessing = 0;
		};
		4162A6E22783EB5000950372 /* Sources */ = {
			isa = PBXSourcesBuildPhase;
			buildActionMask = 2147483647;
			files = (
				4177ED2C2783F4EB00C08BA8 /* HomeVM.swift in Sources */,
				4177ED4127855F3300C08BA8 /* TopMoviePreview.swift in Sources */,
				4177ED282783F14200C08BA8 /* GlobalHelpers.swift in Sources */,
				4162A6EB2783EB5000950372 /* BuildNetflixTests.swift in Sources */,
				41F601B62789DA7500BE0239 /* SmallVerticalButton.swift in Sources */,
			);
			runOnlyForDeploymentPostprocessing = 0;
		};
		4162A6EC2783EB5000950372 /* Sources */ = {
			isa = PBXSourcesBuildPhase;
			buildActionMask = 2147483647;
			files = (
				4177ED292783F14200C08BA8 /* GlobalHelpers.swift in Sources */,
				4162A6F72783EB5000950372 /* BuildNetflixUITestsLaunchTests.swift in Sources */,
				4162A6F52783EB5000950372 /* BuildNetflixUITests.swift in Sources */,
				4177ED2D2783F4EB00C08BA8 /* HomeVM.swift in Sources */,
				4177ED4227855F3300C08BA8 /* TopMoviePreview.swift in Sources */,
				41F601B52789DA7500BE0239 /* SmallVerticalButton.swift in Sources */,
			);
			runOnlyForDeploymentPostprocessing = 0;
		};
/* End PBXSourcesBuildPhase section */

/* Begin PBXTargetDependency section */
		4162A6E82783EB5000950372 /* PBXTargetDependency */ = {
			isa = PBXTargetDependency;
			target = 4162A6D52783EB4F00950372 /* BuildNetflix */;
			targetProxy = 4162A6E72783EB5000950372 /* PBXContainerItemProxy */;
		};
		4162A6F22783EB5000950372 /* PBXTargetDependency */ = {
			isa = PBXTargetDependency;
			target = 4162A6D52783EB4F00950372 /* BuildNetflix */;
			targetProxy = 4162A6F12783EB5000950372 /* PBXContainerItemProxy */;
		};
/* End PBXTargetDependency section */

/* Begin XCBuildConfiguration section */
		4162A6F82783EB5000950372 /* Debug */ = {
			isa = XCBuildConfiguration;
			buildSettings = {
				ALWAYS_SEARCH_USER_PATHS = NO;
				CLANG_ANALYZER_NONNULL = YES;
				CLANG_ANALYZER_NUMBER_OBJECT_CONVERSION = YES_AGGRESSIVE;
				CLANG_CXX_LANGUAGE_STANDARD = "gnu++17";
				CLANG_CXX_LIBRARY = "libc++";
				CLANG_ENABLE_MODULES = YES;
				CLANG_ENABLE_OBJC_ARC = YES;
				CLANG_ENABLE_OBJC_WEAK = YES;
				CLANG_WARN_BLOCK_CAPTURE_AUTORELEASING = YES;
				CLANG_WARN_BOOL_CONVERSION = YES;
				CLANG_WARN_COMMA = YES;
				CLANG_WARN_CONSTANT_CONVERSION = YES;
				CLANG_WARN_DEPRECATED_OBJC_IMPLEMENTATIONS = YES;
				CLANG_WARN_DIRECT_OBJC_ISA_USAGE = YES_ERROR;
				CLANG_WARN_DOCUMENTATION_COMMENTS = YES;
				CLANG_WARN_EMPTY_BODY = YES;
				CLANG_WARN_ENUM_CONVERSION = YES;
				CLANG_WARN_INFINITE_RECURSION = YES;
				CLANG_WARN_INT_CONVERSION = YES;
				CLANG_WARN_NON_LITERAL_NULL_CONVERSION = YES;
				CLANG_WARN_OBJC_IMPLICIT_RETAIN_SELF = YES;
				CLANG_WARN_OBJC_LITERAL_CONVERSION = YES;
				CLANG_WARN_OBJC_ROOT_CLASS = YES_ERROR;
				CLANG_WARN_QUOTED_INCLUDE_IN_FRAMEWORK_HEADER = YES;
				CLANG_WARN_RANGE_LOOP_ANALYSIS = YES;
				CLANG_WARN_STRICT_PROTOTYPES = YES;
				CLANG_WARN_SUSPICIOUS_MOVE = YES;
				CLANG_WARN_UNGUARDED_AVAILABILITY = YES_AGGRESSIVE;
				CLANG_WARN_UNREACHABLE_CODE = YES;
				CLANG_WARN__DUPLICATE_METHOD_MATCH = YES;
				COPY_PHASE_STRIP = NO;
				DEBUG_INFORMATION_FORMAT = dwarf;
				ENABLE_STRICT_OBJC_MSGSEND = YES;
				ENABLE_TESTABILITY = YES;
				GCC_C_LANGUAGE_STANDARD = gnu11;
				GCC_DYNAMIC_NO_PIC = NO;
				GCC_NO_COMMON_BLOCKS = YES;
				GCC_OPTIMIZATION_LEVEL = 0;
				GCC_PREPROCESSOR_DEFINITIONS = (
					"DEBUG=1",
					"$(inherited)",
				);
				GCC_WARN_64_TO_32_BIT_CONVERSION = YES;
				GCC_WARN_ABOUT_RETURN_TYPE = YES_ERROR;
				GCC_WARN_UNDECLARED_SELECTOR = YES;
				GCC_WARN_UNINITIALIZED_AUTOS = YES_AGGRESSIVE;
				GCC_WARN_UNUSED_FUNCTION = YES;
				GCC_WARN_UNUSED_VARIABLE = YES;
				IPHONEOS_DEPLOYMENT_TARGET = 15.2;
				MTL_ENABLE_DEBUG_INFO = INCLUDE_SOURCE;
				MTL_FAST_MATH = YES;
				ONLY_ACTIVE_ARCH = YES;
				SDKROOT = iphoneos;
				SWIFT_ACTIVE_COMPILATION_CONDITIONS = DEBUG;
				SWIFT_OPTIMIZATION_LEVEL = "-Onone";
			};
			name = Debug;
		};
		4162A6F92783EB5000950372 /* Release */ = {
			isa = XCBuildConfiguration;
			buildSettings = {
				ALWAYS_SEARCH_USER_PATHS = NO;
				CLANG_ANALYZER_NONNULL = YES;
				CLANG_ANALYZER_NUMBER_OBJECT_CONVERSION = YES_AGGRESSIVE;
				CLANG_CXX_LANGUAGE_STANDARD = "gnu++17";
				CLANG_CXX_LIBRARY = "libc++";
				CLANG_ENABLE_MODULES = YES;
				CLANG_ENABLE_OBJC_ARC = YES;
				CLANG_ENABLE_OBJC_WEAK = YES;
				CLANG_WARN_BLOCK_CAPTURE_AUTORELEASING = YES;
				CLANG_WARN_BOOL_CONVERSION = YES;
				CLANG_WARN_COMMA = YES;
				CLANG_WARN_CONSTANT_CONVERSION = YES;
				CLANG_WARN_DEPRECATED_OBJC_IMPLEMENTATIONS = YES;
				CLANG_WARN_DIRECT_OBJC_ISA_USAGE = YES_ERROR;
				CLANG_WARN_DOCUMENTATION_COMMENTS = YES;
				CLANG_WARN_EMPTY_BODY = YES;
				CLANG_WARN_ENUM_CONVERSION = YES;
				CLANG_WARN_INFINITE_RECURSION = YES;
				CLANG_WARN_INT_CONVERSION = YES;
				CLANG_WARN_NON_LITERAL_NULL_CONVERSION = YES;
				CLANG_WARN_OBJC_IMPLICIT_RETAIN_SELF = YES;
				CLANG_WARN_OBJC_LITERAL_CONVERSION = YES;
				CLANG_WARN_OBJC_ROOT_CLASS = YES_ERROR;
				CLANG_WARN_QUOTED_INCLUDE_IN_FRAMEWORK_HEADER = YES;
				CLANG_WARN_RANGE_LOOP_ANALYSIS = YES;
				CLANG_WARN_STRICT_PROTOTYPES = YES;
				CLANG_WARN_SUSPICIOUS_MOVE = YES;
				CLANG_WARN_UNGUARDED_AVAILABILITY = YES_AGGRESSIVE;
				CLANG_WARN_UNREACHABLE_CODE = YES;
				CLANG_WARN__DUPLICATE_METHOD_MATCH = YES;
				COPY_PHASE_STRIP = NO;
				DEBUG_INFORMATION_FORMAT = "dwarf-with-dsym";
				ENABLE_NS_ASSERTIONS = NO;
				ENABLE_STRICT_OBJC_MSGSEND = YES;
				GCC_C_LANGUAGE_STANDARD = gnu11;
				GCC_NO_COMMON_BLOCKS = YES;
				GCC_WARN_64_TO_32_BIT_CONVERSION = YES;
				GCC_WARN_ABOUT_RETURN_TYPE = YES_ERROR;
				GCC_WARN_UNDECLARED_SELECTOR = YES;
				GCC_WARN_UNINITIALIZED_AUTOS = YES_AGGRESSIVE;
				GCC_WARN_UNUSED_FUNCTION = YES;
				GCC_WARN_UNUSED_VARIABLE = YES;
				IPHONEOS_DEPLOYMENT_TARGET = 15.2;
				MTL_ENABLE_DEBUG_INFO = NO;
				MTL_FAST_MATH = YES;
				SDKROOT = iphoneos;
				SWIFT_COMPILATION_MODE = wholemodule;
				SWIFT_OPTIMIZATION_LEVEL = "-O";
				VALIDATE_PRODUCT = YES;
			};
			name = Release;
		};
		4162A6FB2783EB5000950372 /* Debug */ = {
			isa = XCBuildConfiguration;
			buildSettings = {
				ASSETCATALOG_COMPILER_APPICON_NAME = AppIcon;
				ASSETCATALOG_COMPILER_GLOBAL_ACCENT_COLOR_NAME = AccentColor;
				CODE_SIGN_STYLE = Automatic;
				CURRENT_PROJECT_VERSION = 1;
				DEVELOPMENT_ASSET_PATHS = "\"BuildNetflix/Preview Content\"";
				DEVELOPMENT_TEAM = 947MDTH7AR;
				ENABLE_PREVIEWS = YES;
				GENERATE_INFOPLIST_FILE = YES;
				INFOPLIST_KEY_UIApplicationSceneManifest_Generation = YES;
				INFOPLIST_KEY_UIApplicationSupportsIndirectInputEvents = YES;
				INFOPLIST_KEY_UILaunchScreen_Generation = YES;
				INFOPLIST_KEY_UISupportedInterfaceOrientations_iPad = "UIInterfaceOrientationPortrait UIInterfaceOrientationPortraitUpsideDown UIInterfaceOrientationLandscapeLeft UIInterfaceOrientationLandscapeRight";
				INFOPLIST_KEY_UISupportedInterfaceOrientations_iPhone = "UIInterfaceOrientationPortrait UIInterfaceOrientationLandscapeLeft UIInterfaceOrientationLandscapeRight";
				LD_RUNPATH_SEARCH_PATHS = (
					"$(inherited)",
					"@executable_path/Frameworks",
				);
				MARKETING_VERSION = 1.0;
				PRODUCT_BUNDLE_IDENTIFIER = FrankfurtIndustries.BuildNetflix;
				PRODUCT_NAME = "$(TARGET_NAME)";
				SWIFT_EMIT_LOC_STRINGS = YES;
				SWIFT_VERSION = 5.0;
				TARGETED_DEVICE_FAMILY = "1,2";
			};
			name = Debug;
		};
		4162A6FC2783EB5000950372 /* Release */ = {
			isa = XCBuildConfiguration;
			buildSettings = {
				ASSETCATALOG_COMPILER_APPICON_NAME = AppIcon;
				ASSETCATALOG_COMPILER_GLOBAL_ACCENT_COLOR_NAME = AccentColor;
				CODE_SIGN_STYLE = Automatic;
				CURRENT_PROJECT_VERSION = 1;
				DEVELOPMENT_ASSET_PATHS = "\"BuildNetflix/Preview Content\"";
				DEVELOPMENT_TEAM = 947MDTH7AR;
				ENABLE_PREVIEWS = YES;
				GENERATE_INFOPLIST_FILE = YES;
				INFOPLIST_KEY_UIApplicationSceneManifest_Generation = YES;
				INFOPLIST_KEY_UIApplicationSupportsIndirectInputEvents = YES;
				INFOPLIST_KEY_UILaunchScreen_Generation = YES;
				INFOPLIST_KEY_UISupportedInterfaceOrientations_iPad = "UIInterfaceOrientationPortrait UIInterfaceOrientationPortraitUpsideDown UIInterfaceOrientationLandscapeLeft UIInterfaceOrientationLandscapeRight";
				INFOPLIST_KEY_UISupportedInterfaceOrientations_iPhone = "UIInterfaceOrientationPortrait UIInterfaceOrientationLandscapeLeft UIInterfaceOrientationLandscapeRight";
				LD_RUNPATH_SEARCH_PATHS = (
					"$(inherited)",
					"@executable_path/Frameworks",
				);
				MARKETING_VERSION = 1.0;
				PRODUCT_BUNDLE_IDENTIFIER = FrankfurtIndustries.BuildNetflix;
				PRODUCT_NAME = "$(TARGET_NAME)";
				SWIFT_EMIT_LOC_STRINGS = YES;
				SWIFT_VERSION = 5.0;
				TARGETED_DEVICE_FAMILY = "1,2";
			};
			name = Release;
		};
		4162A6FE2783EB5000950372 /* Debug */ = {
			isa = XCBuildConfiguration;
			buildSettings = {
				ALWAYS_EMBED_SWIFT_STANDARD_LIBRARIES = YES;
				BUNDLE_LOADER = "$(TEST_HOST)";
				CODE_SIGN_STYLE = Automatic;
				CURRENT_PROJECT_VERSION = 1;
				DEVELOPMENT_TEAM = 947MDTH7AR;
				GENERATE_INFOPLIST_FILE = YES;
				IPHONEOS_DEPLOYMENT_TARGET = 15.2;
				MARKETING_VERSION = 1.0;
				PRODUCT_BUNDLE_IDENTIFIER = FrankfurtIndustries.BuildNetflixTests;
				PRODUCT_NAME = "$(TARGET_NAME)";
				SWIFT_EMIT_LOC_STRINGS = NO;
				SWIFT_VERSION = 5.0;
				TARGETED_DEVICE_FAMILY = "1,2";
				TEST_HOST = "$(BUILT_PRODUCTS_DIR)/BuildNetflix.app/BuildNetflix";
			};
			name = Debug;
		};
		4162A6FF2783EB5000950372 /* Release */ = {
			isa = XCBuildConfiguration;
			buildSettings = {
				ALWAYS_EMBED_SWIFT_STANDARD_LIBRARIES = YES;
				BUNDLE_LOADER = "$(TEST_HOST)";
				CODE_SIGN_STYLE = Automatic;
				CURRENT_PROJECT_VERSION = 1;
				DEVELOPMENT_TEAM = 947MDTH7AR;
				GENERATE_INFOPLIST_FILE = YES;
				IPHONEOS_DEPLOYMENT_TARGET = 15.2;
				MARKETING_VERSION = 1.0;
				PRODUCT_BUNDLE_IDENTIFIER = FrankfurtIndustries.BuildNetflixTests;
				PRODUCT_NAME = "$(TARGET_NAME)";
				SWIFT_EMIT_LOC_STRINGS = NO;
				SWIFT_VERSION = 5.0;
				TARGETED_DEVICE_FAMILY = "1,2";
				TEST_HOST = "$(BUILT_PRODUCTS_DIR)/BuildNetflix.app/BuildNetflix";
			};
			name = Release;
		};
		4162A7012783EB5000950372 /* Debug */ = {
			isa = XCBuildConfiguration;
			buildSettings = {
				ALWAYS_EMBED_SWIFT_STANDARD_LIBRARIES = YES;
				CODE_SIGN_STYLE = Automatic;
				CURRENT_PROJECT_VERSION = 1;
				DEVELOPMENT_TEAM = 947MDTH7AR;
				GENERATE_INFOPLIST_FILE = YES;
				MARKETING_VERSION = 1.0;
				PRODUCT_BUNDLE_IDENTIFIER = FrankfurtIndustries.BuildNetflixUITests;
				PRODUCT_NAME = "$(TARGET_NAME)";
				SWIFT_EMIT_LOC_STRINGS = NO;
				SWIFT_VERSION = 5.0;
				TARGETED_DEVICE_FAMILY = "1,2";
				TEST_TARGET_NAME = BuildNetflix;
			};
			name = Debug;
		};
		4162A7022783EB5000950372 /* Release */ = {
			isa = XCBuildConfiguration;
			buildSettings = {
				ALWAYS_EMBED_SWIFT_STANDARD_LIBRARIES = YES;
				CODE_SIGN_STYLE = Automatic;
				CURRENT_PROJECT_VERSION = 1;
				DEVELOPMENT_TEAM = 947MDTH7AR;
				GENERATE_INFOPLIST_FILE = YES;
				MARKETING_VERSION = 1.0;
				PRODUCT_BUNDLE_IDENTIFIER = FrankfurtIndustries.BuildNetflixUITests;
				PRODUCT_NAME = "$(TARGET_NAME)";
				SWIFT_EMIT_LOC_STRINGS = NO;
				SWIFT_VERSION = 5.0;
				TARGETED_DEVICE_FAMILY = "1,2";
				TEST_TARGET_NAME = BuildNetflix;
			};
			name = Release;
		};
/* End XCBuildConfiguration section */

/* Begin XCConfigurationList section */
		4162A6D12783EB4F00950372 /* Build configuration list for PBXProject "BuildNetflix" */ = {
			isa = XCConfigurationList;
			buildConfigurations = (
				4162A6F82783EB5000950372 /* Debug */,
				4162A6F92783EB5000950372 /* Release */,
			);
			defaultConfigurationIsVisible = 0;
			defaultConfigurationName = Release;
		};
		4162A6FA2783EB5000950372 /* Build configuration list for PBXNativeTarget "BuildNetflix" */ = {
			isa = XCConfigurationList;
			buildConfigurations = (
				4162A6FB2783EB5000950372 /* Debug */,
				4162A6FC2783EB5000950372 /* Release */,
			);
			defaultConfigurationIsVisible = 0;
			defaultConfigurationName = Release;
		};
		4162A6FD2783EB5000950372 /* Build configuration list for PBXNativeTarget "BuildNetflixTests" */ = {
			isa = XCConfigurationList;
			buildConfigurations = (
				4162A6FE2783EB5000950372 /* Debug */,
				4162A6FF2783EB5000950372 /* Release */,
			);
			defaultConfigurationIsVisible = 0;
			defaultConfigurationName = Release;
		};
		4162A7002783EB5000950372 /* Build configuration list for PBXNativeTarget "BuildNetflixUITests" */ = {
			isa = XCConfigurationList;
			buildConfigurations = (
				4162A7012783EB5000950372 /* Debug */,
				4162A7022783EB5000950372 /* Release */,
			);
			defaultConfigurationIsVisible = 0;
			defaultConfigurationName = Release;
		};
/* End XCConfigurationList section */

/* Begin XCRemoteSwiftPackageReference section */
		4177ED1C2783EF4400C08BA8 /* XCRemoteSwiftPackageReference "Kingfisher" */ = {
			isa = XCRemoteSwiftPackageReference;
			repositoryURL = "https://github.com/onevcat/Kingfisher.git";
			requirement = {
				branch = master;
				kind = branch;
			};
		};
/* End XCRemoteSwiftPackageReference section */

/* Begin XCSwiftPackageProductDependency section */
		4177ED1D2783EF4400C08BA8 /* Kingfisher */ = {
			isa = XCSwiftPackageProductDependency;
			package = 4177ED1C2783EF4400C08BA8 /* XCRemoteSwiftPackageReference "Kingfisher" */;
			productName = Kingfisher;
		};
/* End XCSwiftPackageProductDependency section */
	};
	rootObject = 4162A6CE2783EB4F00950372 /* Project object */;
}
